// !$*UTF8*$!
{
	archiveVersion = 1;
	classes = {
	};
	objectVersion = 46;
	objects = {

/* Begin PBXBuildFile section */
		40BB475E1CB6573100A852A9 /* AppDelegate.swift in Sources */ = {isa = PBXBuildFile; fileRef = 40BB475D1CB6573100A852A9 /* AppDelegate.swift */; };
		40BB47601CB6573100A852A9 /* ViewController.swift in Sources */ = {isa = PBXBuildFile; fileRef = 40BB475F1CB6573100A852A9 /* ViewController.swift */; };
		40BB47631CB6573100A852A9 /* Main.storyboard in Resources */ = {isa = PBXBuildFile; fileRef = 40BB47611CB6573100A852A9 /* Main.storyboard */; };
		40BB47651CB6573100A852A9 /* Assets.xcassets in Resources */ = {isa = PBXBuildFile; fileRef = 40BB47641CB6573100A852A9 /* Assets.xcassets */; };
		40BB47681CB6573100A852A9 /* LaunchScreen.storyboard in Resources */ = {isa = PBXBuildFile; fileRef = 40BB47661CB6573100A852A9 /* LaunchScreen.storyboard */; };
		40BB47731CB6573100A852A9 /* Demo_appTests.swift in Sources */ = {isa = PBXBuildFile; fileRef = 40BB47721CB6573100A852A9 /* Demo_appTests.swift */; };
/* End PBXBuildFile section */

/* Begin PBXContainerItemProxy section */
		40BB476F1CB6573100A852A9 /* PBXContainerItemProxy */ = {
			isa = PBXContainerItemProxy;
			containerPortal = 40BB47521CB6573100A852A9 /* Project object */;
			proxyType = 1;
			remoteGlobalIDString = 40BB47591CB6573100A852A9;
			remoteInfo = "Demo app";
		};
/* End PBXContainerItemProxy section */

/* Begin PBXFileReference section */
		40BB475A1CB6573100A852A9 /* Demo app.app */ = {isa = PBXFileReference; explicitFileType = wrapper.application; includeInIndex = 0; path = "Demo app.app"; sourceTree = BUILT_PRODUCTS_DIR; };
		40BB475D1CB6573100A852A9 /* AppDelegate.swift */ = {isa = PBXFileReference; lastKnownFileType = sourcecode.swift; path = AppDelegate.swift; sourceTree = "<group>"; };
		40BB475F1CB6573100A852A9 /* ViewController.swift */ = {isa = PBXFileReference; lastKnownFileType = sourcecode.swift; path = ViewController.swift; sourceTree = "<group>"; };
		40BB47621CB6573100A852A9 /* Base */ = {isa = PBXFileReference; lastKnownFileType = file.storyboard; name = Base; path = Base.lproj/Main.storyboard; sourceTree = "<group>"; };
		40BB47641CB6573100A852A9 /* Assets.xcassets */ = {isa = PBXFileReference; lastKnownFileType = folder.assetcatalog; path = Assets.xcassets; sourceTree = "<group>"; };
		40BB47671CB6573100A852A9 /* Base */ = {isa = PBXFileReference; lastKnownFileType = file.storyboard; name = Base; path = Base.lproj/LaunchScreen.storyboard; sourceTree = "<group>"; };
		40BB47691CB6573100A852A9 /* Info.plist */ = {isa = PBXFileReference; lastKnownFileType = text.plist.xml; path = Info.plist; sourceTree = "<group>"; };
		40BB476E1CB6573100A852A9 /* Demo appTests.xctest */ = {isa = PBXFileReference; explicitFileType = wrapper.cfbundle; includeInIndex = 0; path = "Demo appTests.xctest"; sourceTree = BUILT_PRODUCTS_DIR; };
		40BB47721CB6573100A852A9 /* Demo_appTests.swift */ = {isa = PBXFileReference; lastKnownFileType = sourcecode.swift; path = Demo_appTests.swift; sourceTree = "<group>"; };
		40BB47741CB6573100A852A9 /* Info.plist */ = {isa = PBXFileReference; lastKnownFileType = text.plist.xml; path = Info.plist; sourceTree = "<group>"; };
/* End PBXFileReference section */

/* Begin PBXFrameworksBuildPhase section */
		40BB47571CB6573100A852A9 /* Frameworks */ = {
			isa = PBXFrameworksBuildPhase;
			buildActionMask = 2147483647;
			files = (
			);
			runOnlyForDeploymentPostprocessing = 0;
		};
		40BB476B1CB6573100A852A9 /* Frameworks */ = {
			isa = PBXFrameworksBuildPhase;
			buildActionMask = 2147483647;
			files = (
			);
			runOnlyForDeploymentPostprocessing = 0;
		};
/* End PBXFrameworksBuildPhase section */

/* Begin PBXGroup section */
		40BB47511CB6573100A852A9 = {
			isa = PBXGroup;
			children = (
				40BB475C1CB6573100A852A9 /* Demo app */,
				40BB47711CB6573100A852A9 /* Demo appTests */,
				40BB475B1CB6573100A852A9 /* Products */,
			);
			sourceTree = "<group>";
		};
		40BB475B1CB6573100A852A9 /* Products */ = {
			isa = PBXGroup;
			children = (
				40BB475A1CB6573100A852A9 /* Demo app.app */,
				40BB476E1CB6573100A852A9 /* Demo appTests.xctest */,
			);
			name = Products;
			sourceTree = "<group>";
		};
		40BB475C1CB6573100A852A9 /* Demo app */ = {
			isa = PBXGroup;
			children = (
				40BB475D1CB6573100A852A9 /* AppDelegate.swift */,
				40BB475F1CB6573100A852A9 /* ViewController.swift */,
				40BB47611CB6573100A852A9 /* Main.storyboard */,
				40BB47641CB6573100A852A9 /* Assets.xcassets */,
				40BB47661CB6573100A852A9 /* LaunchScreen.storyboard */,
				40BB47691CB6573100A852A9 /* Info.plist */,
			);
			path = "Demo app";
			sourceTree = "<group>";
		};
		40BB47711CB6573100A852A9 /* Demo appTests */ = {
			isa = PBXGroup;
			children = (
				40BB47721CB6573100A852A9 /* Demo_appTests.swift */,
				40BB47741CB6573100A852A9 /* Info.plist */,
			);
			path = "Demo appTests";
			sourceTree = "<group>";
		};
/* End PBXGroup section */

/* Begin PBXNativeTarget section */
		40BB47591CB6573100A852A9 /* Demo app */ = {
			isa = PBXNativeTarget;
			buildConfigurationList = 40BB47771CB6573100A852A9 /* Build configuration list for PBXNativeTarget "Demo app" */;
			buildPhases = (
				40BB47561CB6573100A852A9 /* Sources */,
				40BB47571CB6573100A852A9 /* Frameworks */,
				40BB47581CB6573100A852A9 /* Resources */,
			);
			buildRules = (
			);
			dependencies = (
			);
			name = "Demo app";
			productName = "Demo app";
			productReference = 40BB475A1CB6573100A852A9 /* Demo app.app */;
			productType = "com.apple.product-type.application";
		};
		40BB476D1CB6573100A852A9 /* Demo appTests */ = {
			isa = PBXNativeTarget;
			buildConfigurationList = 40BB477A1CB6573100A852A9 /* Build configuration list for PBXNativeTarget "Demo appTests" */;
			buildPhases = (
				40BB476A1CB6573100A852A9 /* Sources */,
				40BB476B1CB6573100A852A9 /* Frameworks */,
				40BB476C1CB6573100A852A9 /* Resources */,
			);
			buildRules = (
			);
			dependencies = (
				40BB47701CB6573100A852A9 /* PBXTargetDependency */,
			);
			name = "Demo appTests";
			productName = "Demo appTests";
			productReference = 40BB476E1CB6573100A852A9 /* Demo appTests.xctest */;
			productType = "com.apple.product-type.bundle.unit-test";
		};
/* End PBXNativeTarget section */

/* Begin PBXProject section */
		40BB47521CB6573100A852A9 /* Project object */ = {
			isa = PBXProject;
			attributes = {
				LastSwiftUpdateCheck = 0730;
				LastUpgradeCheck = 0730;
				ORGANIZATIONNAME = accenture;
				TargetAttributes = {
					40BB47591CB6573100A852A9 = {
						CreatedOnToolsVersion = 7.3;
					};
					40BB476D1CB6573100A852A9 = {
						CreatedOnToolsVersion = 7.3;
						TestTargetID = 40BB47591CB6573100A852A9;
					};
				};
			};
			buildConfigurationList = 40BB47551CB6573100A852A9 /* Build configuration list for PBXProject "Demo app" */;
			compatibilityVersion = "Xcode 3.2";
			developmentRegion = English;
			hasScannedForEncodings = 0;
			knownRegions = (
				en,
				Base,
			);
			mainGroup = 40BB47511CB6573100A852A9;
			productRefGroup = 40BB475B1CB6573100A852A9 /* Products */;
			projectDirPath = "";
			projectRoot = "";
			targets = (
				40BB47591CB6573100A852A9 /* Demo app */,
				40BB476D1CB6573100A852A9 /* Demo appTests */,
			);
		};
/* End PBXProject section */

/* Begin PBXResourcesBuildPhase section */
		40BB47581CB6573100A852A9 /* Resources */ = {
			isa = PBXResourcesBuildPhase;
			buildActionMask = 2147483647;
			files = (
				40BB47681CB6573100A852A9 /* LaunchScreen.storyboard in Resources */,
				40BB47651CB6573100A852A9 /* Assets.xcassets in Resources */,
				40BB47631CB6573100A852A9 /* Main.storyboard in Resources */,
			);
			runOnlyForDeploymentPostprocessing = 0;
		};
		40BB476C1CB6573100A852A9 /* Resources */ = {
			isa = PBXResourcesBuildPhase;
			buildActionMask = 2147483647;
			files = (
			);
			runOnlyForDeploymentPostprocessing = 0;
		};
/* End PBXResourcesBuildPhase section */

/* Begin PBXSourcesBuildPhase section */
		40BB47561CB6573100A852A9 /* Sources */ = {
			isa = PBXSourcesBuildPhase;
			buildActionMask = 2147483647;
			files = (
				40BB47601CB6573100A852A9 /* ViewController.swift in Sources */,
				40BB475E1CB6573100A852A9 /* AppDelegate.swift in Sources */,
			);
			runOnlyForDeploymentPostprocessing = 0;
		};
		40BB476A1CB6573100A852A9 /* Sources */ = {
			isa = PBXSourcesBuildPhase;
			buildActionMask = 2147483647;
			files = (
				40BB47731CB6573100A852A9 /* Demo_appTests.swift in Sources */,
			);
			runOnlyForDeploymentPostprocessing = 0;
		};
/* End PBXSourcesBuildPhase section */

/* Begin PBXTargetDependency section */
		40BB47701CB6573100A852A9 /* PBXTargetDependency */ = {
			isa = PBXTargetDependency;
			target = 40BB47591CB6573100A852A9 /* Demo app */;
			targetProxy = 40BB476F1CB6573100A852A9 /* PBXContainerItemProxy */;
		};
/* End PBXTargetDependency section */

/* Begin PBXVariantGroup section */
		40BB47611CB6573100A852A9 /* Main.storyboard */ = {
			isa = PBXVariantGroup;
			children = (
				40BB47621CB6573100A852A9 /* Base */,
			);
			name = Main.storyboard;
			sourceTree = "<group>";
		};
		40BB47661CB6573100A852A9 /* LaunchScreen.storyboard */ = {
			isa = PBXVariantGroup;
			children = (
				40BB47671CB6573100A852A9 /* Base */,
			);
			name = LaunchScreen.storyboard;
			sourceTree = "<group>";
		};
/* End PBXVariantGroup section */

/* Begin XCBuildConfiguration section */
		40BB47751CB6573100A852A9 /* Debug */ = {
			isa = XCBuildConfiguration;
			buildSettings = {
				ALWAYS_SEARCH_USER_PATHS = NO;
				CLANG_ANALYZER_NONNULL = YES;
				CLANG_CXX_LANGUAGE_STANDARD = "gnu++0x";
				CLANG_CXX_LIBRARY = "libc++";
				CLANG_ENABLE_MODULES = YES;
				CLANG_ENABLE_OBJC_ARC = YES;
				CLANG_WARN_BOOL_CONVERSION = YES;
				CLANG_WARN_CONSTANT_CONVERSION = YES;
				CLANG_WARN_DIRECT_OBJC_ISA_USAGE = YES_ERROR;
				CLANG_WARN_EMPTY_BODY = YES;
				CLANG_WARN_ENUM_CONVERSION = YES;
				CLANG_WARN_INT_CONVERSION = YES;
				CLANG_WARN_OBJC_ROOT_CLASS = YES_ERROR;
				CLANG_WARN_UNREACHABLE_CODE = YES;
				CLANG_WARN__DUPLICATE_METHOD_MATCH = YES;
				"CODE_SIGN_IDENTITY[sdk=iphoneos*]" = "iPhone Developer";
				COPY_PHASE_STRIP = NO;
				DEBUG_INFORMATION_FORMAT = dwarf;
				ENABLE_STRICT_OBJC_MSGSEND = YES;
				ENABLE_TESTABILITY = YES;
				GCC_C_LANGUAGE_STANDARD = gnu99;
				GCC_DYNAMIC_NO_PIC = NO;
				GCC_NO_COMMON_BLOCKS = YES;
				GCC_OPTIMIZATION_LEVEL = 0;
				GCC_PREPROCESSOR_DEFINITIONS = (
					"DEBUG=1",
					"$(inherited)",
				);
				GCC_WARN_64_TO_32_BIT_CONVERSION = YES;
				GCC_WARN_ABOUT_RETURN_TYPE = YES_ERROR;
				GCC_WARN_UNDECLARED_SELECTOR = YES;
				GCC_WARN_UNINITIALIZED_AUTOS = YES_AGGRESSIVE;
				GCC_WARN_UNUSED_FUNCTION = YES;
				GCC_WARN_UNUSED_VARIABLE = YES;
				IPHONEOS_DEPLOYMENT_TARGET = 9.3;
				MTL_ENABLE_DEBUG_INFO = YES;
				ONLY_ACTIVE_ARCH = YES;
				SDKROOT = iphoneos;
				SWIFT_OPTIMIZATION_LEVEL = "-Onone";
				TARGETED_DEVICE_FAMILY = "1,2";
			};
			name = Debug;
		};
		40BB47761CB6573100A852A9 /* Release */ = {
			isa = XCBuildConfiguration;
			buildSettings = {
				ALWAYS_SEARCH_USER_PATHS = NO;
				CLANG_ANALYZER_NONNULL = YES;
				CLANG_CXX_LANGUAGE_STANDARD = "gnu++0x";
				CLANG_CXX_LIBRARY = "libc++";
				CLANG_ENABLE_MODULES = YES;
				CLANG_ENABLE_OBJC_ARC = YES;
				CLANG_WARN_BOOL_CONVERSION = YES;
				CLANG_WARN_CONSTANT_CONVERSION = YES;
				CLANG_WARN_DIRECT_OBJC_ISA_USAGE = YES_ERROR;
				CLANG_WARN_EMPTY_BODY = YES;
				CLANG_WARN_ENUM_CONVERSION = YES;
				CLANG_WARN_INT_CONVERSION = YES;
				CLANG_WARN_OBJC_ROOT_CLASS = YES_ERROR;
				CLANG_WARN_UNREACHABLE_CODE = YES;
				CLANG_WARN__DUPLICATE_METHOD_MATCH = YES;
				"CODE_SIGN_IDENTITY[sdk=iphoneos*]" = "iPhone Developer";
				COPY_PHASE_STRIP = NO;
				DEBUG_INFORMATION_FORMAT = "dwarf-with-dsym";
				ENABLE_NS_ASSERTIONS = NO;
				ENABLE_STRICT_OBJC_MSGSEND = YES;
				GCC_C_LANGUAGE_STANDARD = gnu99;
				GCC_NO_COMMON_BLOCKS = YES;
				GCC_WARN_64_TO_32_BIT_CONVERSION = YES;
				GCC_WARN_ABOUT_RETURN_TYPE = YES_ERROR;
				GCC_WARN_UNDECLARED_SELECTOR = YES;
				GCC_WARN_UNINITIALIZED_AUTOS = YES_AGGRESSIVE;
				GCC_WARN_UNUSED_FUNCTION = YES;
				GCC_WARN_UNUSED_VARIABLE = YES;
				IPHONEOS_DEPLOYMENT_TARGET = 9.3;
				MTL_ENABLE_DEBUG_INFO = NO;
				SDKROOT = iphoneos;
				TARGETED_DEVICE_FAMILY = "1,2";
				VALIDATE_PRODUCT = YES;
			};
			name = Release;
		};
		40BB47781CB6573100A852A9 /* Debug */ = {
			isa = XCBuildConfiguration;
			buildSettings = {
				ASSETCATALOG_COMPILER_APPICON_NAME = AppIcon;
				INFOPLIST_FILE = "Demo app/Info.plist";
				LD_RUNPATH_SEARCH_PATHS = "$(inherited) @executable_path/Frameworks";
				PRODUCT_BUNDLE_IDENTIFIER = "com.example.Demo-app";
				PRODUCT_NAME = "$(TARGET_NAME)";
			};
			name = Debug;
		};
		40BB47791CB6573100A852A9 /* Release */ = {
			isa = XCBuildConfiguration;
			buildSettings = {
				ASSETCATALOG_COMPILER_APPICON_NAME = AppIcon;
				INFOPLIST_FILE = "Demo app/Info.plist";
				LD_RUNPATH_SEARCH_PATHS = "$(inherited) @executable_path/Frameworks";
				PRODUCT_BUNDLE_IDENTIFIER = "com.example.Demo-app";
				PRODUCT_NAME = "$(TARGET_NAME)";
			};
			name = Release;
		};
		40BB477B1CB6573100A852A9 /* Debug */ = {
			isa = XCBuildConfiguration;
			buildSettings = {
				BUNDLE_LOADER = "$(TEST_HOST)";
				INFOPLIST_FILE = "Demo appTests/Info.plist";
				LD_RUNPATH_SEARCH_PATHS = "$(inherited) @executable_path/Frameworks @loader_path/Frameworks";
				PRODUCT_BUNDLE_IDENTIFIER = "com.example.Demo-appTests";
				PRODUCT_NAME = "$(TARGET_NAME)";
				TEST_HOST = "$(BUILT_PRODUCTS_DIR)/Demo app.app/Demo app";
			};
			name = Debug;
		};
		40BB477C1CB6573100A852A9 /* Release */ = {
			isa = XCBuildConfiguration;
			buildSettings = {
				BUNDLE_LOADER = "$(TEST_HOST)";
				INFOPLIST_FILE = "Demo appTests/Info.plist";
				LD_RUNPATH_SEARCH_PATHS = "$(inherited) @executable_path/Frameworks @loader_path/Frameworks";
				PRODUCT_BUNDLE_IDENTIFIER = "com.example.Demo-appTests";
				PRODUCT_NAME = "$(TARGET_NAME)";
				TEST_HOST = "$(BUILT_PRODUCTS_DIR)/Demo app.app/Demo app";
			};
			name = Release;
		};
/* End XCBuildConfiguration section */

/* Begin XCConfigurationList section */
		40BB47551CB6573100A852A9 /* Build configuration list for PBXProject "Demo app" */ = {
			isa = XCConfigurationList;
			buildConfigurations = (
				40BB47751CB6573100A852A9 /* Debug */,
				40BB47761CB6573100A852A9 /* Release */,
			);
			defaultConfigurationIsVisible = 0;
			defaultConfigurationName = Release;
		};
		40BB47771CB6573100A852A9 /* Build configuration list for PBXNativeTarget "Demo app" */ = {
			isa = XCConfigurationList;
			buildConfigurations = (
				40BB47781CB6573100A852A9 /* Debug */,
				40BB47791CB6573100A852A9 /* Release */,
			);
			defaultConfigurationIsVisible = 0;
		};
		40BB477A1CB6573100A852A9 /* Build configuration list for PBXNativeTarget "Demo appTests" */ = {
			isa = XCConfigurationList;
			buildConfigurations = (
				40BB477B1CB6573100A852A9 /* Debug */,
				40BB477C1CB6573100A852A9 /* Release */,
			);
			defaultConfigurationIsVisible = 0;
		};
/* End XCConfigurationList section */
	};
	rootObject = 40BB47521CB6573100A852A9 /* Project object */;
}
